
Microsoft Visual Studio Solution File, Format Version 12.00
# Visual Studio Version 17
VisualStudioVersion = 17.2.32602.215
MinimumVisualStudioVersion = 10.0.40219.1
Project("{FAE04EC0-301F-11D3-BF4B-00C04F79EFBC}") = "Web", "Web\Web.csproj", "{6310BFA9-CC6E-4047-815A-6511DACB1FC9}"
EndProject
Project("{FAE04EC0-301F-11D3-BF4B-00C04F79EFBC}") = "Core", "Core\Core.csproj", "{D83C1CE2-4160-4ABF-81DC-02A740F89F0D}"
EndProject
Project("{FAE04EC0-301F-11D3-BF4B-00C04F79EFBC}") = "Infrastructure", "Infrastructure\Infrastructure.csproj", "{4ACE8AF9-1053-4B0E-955C-8B3CBB315F95}"
EndProject
Global
	GlobalSection(SolutionConfigurationPlatforms) = preSolution
		Debug|Any CPU = Debug|Any CPU
		Release|Any CPU = Release|Any CPU
	EndGlobalSection
	GlobalSection(ProjectConfigurationPlatforms) = postSolution
		{6310BFA9-CC6E-4047-815A-6511DACB1FC9}.Debug|Any CPU.ActiveCfg = Debug|Any CPU
		{6310BFA9-CC6E-4047-815A-6511DACB1FC9}.Debug|Any CPU.Build.0 = Debug|Any CPU
		{6310BFA9-CC6E-4047-815A-6511DACB1FC9}.Release|Any CPU.ActiveCfg = Release|Any CPU
		{6310BFA9-CC6E-4047-815A-6511DACB1FC9}.Release|Any CPU.Build.0 = Release|Any CPU
		{D83C1CE2-4160-4ABF-81DC-02A740F89F0D}.Debug|Any CPU.ActiveCfg = Debug|Any CPU
		{D83C1CE2-4160-4ABF-81DC-02A740F89F0D}.Debug|Any CPU.Build.0 = Debug|Any CPU
		{D83C1CE2-4160-4ABF-81DC-02A740F89F0D}.Release|Any CPU.ActiveCfg = Release|Any CPU
		{D83C1CE2-4160-4ABF-81DC-02A740F89F0D}.Release|Any CPU.Build.0 = Release|Any CPU
		{4ACE8AF9-1053-4B0E-955C-8B3CBB315F95}.Debug|Any CPU.ActiveCfg = Debug|Any CPU
		{4ACE8AF9-1053-4B0E-955C-8B3CBB315F95}.Debug|Any CPU.Build.0 = Debug|Any CPU
		{4ACE8AF9-1053-4B0E-955C-8B3CBB315F95}.Release|Any CPU.ActiveCfg = Release|Any CPU
		{4ACE8AF9-1053-4B0E-955C-8B3CBB315F95}.Release|Any CPU.Build.0 = Release|Any CPU
	EndGlobalSection
	GlobalSection(SolutionProperties) = preSolution
		HideSolutionNode = FALSE
	EndGlobalSection
	GlobalSection(ExtensibilityGlobals) = postSolution
		SolutionGuid = {89487583-3958-49AD-A391-151CB7F131EC}
	EndGlobalSection
EndGlobal
