
Microsoft Visual Studio Solution File, Format Version 12.00
# Visual Studio Version 17
VisualStudioVersion = 17.2.32602.215
MinimumVisualStudioVersion = 10.0.40219.1
Project("{9A19103F-16F7-4668-BE54-9A1E7A4F7556}") = "Web", "Web\Web.csproj", "{48FA125C-276C-4ED7-BDD9-3E7DCEF8F492}"
EndProject
Project("{9A19103F-16F7-4668-BE54-9A1E7A4F7556}") = "Infrastructure", "Infrastructure\Infrastructure.csproj", "{B40FFEB2-69C4-4B7A-A538-A01C60CA8090}"
EndProject
Project("{FAE04EC0-301F-11D3-BF4B-00C04F79EFBC}") = "Core", "Core1\Core.csproj", "{698C7B37-E2CD-4417-9D91-D9C4C218BA74}"
EndProject
Global
	GlobalSection(SolutionConfigurationPlatforms) = preSolution
		Debug|Any CPU = Debug|Any CPU
		Release|Any CPU = Release|Any CPU
	EndGlobalSection
	GlobalSection(ProjectConfigurationPlatforms) = postSolution
		{48FA125C-276C-4ED7-BDD9-3E7DCEF8F492}.Debug|Any CPU.ActiveCfg = Debug|Any CPU
		{48FA125C-276C-4ED7-BDD9-3E7DCEF8F492}.Debug|Any CPU.Build.0 = Debug|Any CPU
		{48FA125C-276C-4ED7-BDD9-3E7DCEF8F492}.Release|Any CPU.ActiveCfg = Release|Any CPU
		{48FA125C-276C-4ED7-BDD9-3E7DCEF8F492}.Release|Any CPU.Build.0 = Release|Any CPU
		{B40FFEB2-69C4-4B7A-A538-A01C60CA8090}.Debug|Any CPU.ActiveCfg = Debug|Any CPU
		{B40FFEB2-69C4-4B7A-A538-A01C60CA8090}.Debug|Any CPU.Build.0 = Debug|Any CPU
		{B40FFEB2-69C4-4B7A-A538-A01C60CA8090}.Release|Any CPU.ActiveCfg = Release|Any CPU
		{B40FFEB2-69C4-4B7A-A538-A01C60CA8090}.Release|Any CPU.Build.0 = Release|Any CPU
		{698C7B37-E2CD-4417-9D91-D9C4C218BA74}.Debug|Any CPU.ActiveCfg = Debug|Any CPU
		{698C7B37-E2CD-4417-9D91-D9C4C218BA74}.Debug|Any CPU.Build.0 = Debug|Any CPU
		{698C7B37-E2CD-4417-9D91-D9C4C218BA74}.Release|Any CPU.ActiveCfg = Release|Any CPU
		{698C7B37-E2CD-4417-9D91-D9C4C218BA74}.Release|Any CPU.Build.0 = Release|Any CPU
	EndGlobalSection
	GlobalSection(SolutionProperties) = preSolution
		HideSolutionNode = FALSE
	EndGlobalSection
	GlobalSection(ExtensibilityGlobals) = postSolution
		SolutionGuid = {79700BF6-D101-4537-B359-A0D8CDF53FF0}
	EndGlobalSection
EndGlobal
